
Microsoft Visual Studio Solution File, Format Version 12.00
Project("{2150E333-8FDC-42A3-9474-1A3956D46DE8}") = "src", "src", "{37171C58-943C-4E11-A456-54D0533329B6}"
EndProject
Project("{2150E333-8FDC-42A3-9474-1A3956D46DE8}") = "ElectronicBoard", "ElectronicBoard", "{5F293E42-99D2-4D52-9EF8-AD07768C22FA}"
EndProject
Project("{2150E333-8FDC-42A3-9474-1A3956D46DE8}") = "Hosts", "Hosts", "{B03F56FC-14C6-4D68-8215-EC4ADBA8450F}"
EndProject
Project("{FAE04EC0-301F-11D3-BF4B-00C04F79EFBC}") = "ElectronicBoard.Api", "src\ElectronicBoard\Hosts\ElectronicBoard.Api\ElectronicBoard.Api.csproj", "{127C22D5-C9E4-4888-A91B-70F99A96298F}"
EndProject
Project("{2150E333-8FDC-42A3-9474-1A3956D46DE8}") = "Contracts", "Contracts", "{107908AB-82F6-4E4F-9819-A82EE319E7FA}"
EndProject
Project("{FAE04EC0-301F-11D3-BF4B-00C04F79EFBC}") = "ElectronicBoard.Contracts", "src\ElectronicBoard\Contracts\ElectronicBoard.Contracts\ElectronicBoard.Contracts.csproj", "{5B069ED0-DC64-405E-A665-31937B2180DD}"
EndProject
Project("{2150E333-8FDC-42A3-9474-1A3956D46DE8}") = "Domain", "Domain", "{17636F38-BD13-4A45-8CFB-F286906F0A59}"
EndProject
Project("{FAE04EC0-301F-11D3-BF4B-00C04F79EFBC}") = "ElectronicBoard.Domain", "src\ElectronicBoard\Domain\ElectronicBoard.Domain\ElectronicBoard.Domain.csproj", "{30C0E745-0F3A-468F-818B-FFEFCCC01D97}"
EndProject
Project("{2150E333-8FDC-42A3-9474-1A3956D46DE8}") = "Infrastructure", "Infrastructure", "{509FB13F-0F63-45A2-A0D2-2B00629FB9A9}"
EndProject
Project("{FAE04EC0-301F-11D3-BF4B-00C04F79EFBC}") = "ElectronicBoard.DataAccess", "src\ElectronicBoard\Infrastructure\ElectronicBoard.DataAccess\ElectronicBoard.DataAccess.csproj", "{806F00BE-A903-4009-8639-D86BE8BD8CB9}"
EndProject
Project("{FAE04EC0-301F-11D3-BF4B-00C04F79EFBC}") = "ElectronicBoard.Registrar", "src\ElectronicBoard\Infrastructure\ElectronicBoard.Registrar\ElectronicBoard.Registrar.csproj", "{217F7FD8-B381-4879-963F-E18E6260D649}"
EndProject
Global
	GlobalSection(SolutionConfigurationPlatforms) = preSolution
		Debug|Any CPU = Debug|Any CPU
		Release|Any CPU = Release|Any CPU
	EndGlobalSection
	GlobalSection(NestedProjects) = preSolution
		{5F293E42-99D2-4D52-9EF8-AD07768C22FA} = {37171C58-943C-4E11-A456-54D0533329B6}
		{B03F56FC-14C6-4D68-8215-EC4ADBA8450F} = {5F293E42-99D2-4D52-9EF8-AD07768C22FA}
		{127C22D5-C9E4-4888-A91B-70F99A96298F} = {B03F56FC-14C6-4D68-8215-EC4ADBA8450F}
		{107908AB-82F6-4E4F-9819-A82EE319E7FA} = {5F293E42-99D2-4D52-9EF8-AD07768C22FA}
		{5B069ED0-DC64-405E-A665-31937B2180DD} = {107908AB-82F6-4E4F-9819-A82EE319E7FA}
		{17636F38-BD13-4A45-8CFB-F286906F0A59} = {5F293E42-99D2-4D52-9EF8-AD07768C22FA}
		{30C0E745-0F3A-468F-818B-FFEFCCC01D97} = {17636F38-BD13-4A45-8CFB-F286906F0A59}
		{509FB13F-0F63-45A2-A0D2-2B00629FB9A9} = {5F293E42-99D2-4D52-9EF8-AD07768C22FA}
		{806F00BE-A903-4009-8639-D86BE8BD8CB9} = {509FB13F-0F63-45A2-A0D2-2B00629FB9A9}
		{217F7FD8-B381-4879-963F-E18E6260D649} = {509FB13F-0F63-45A2-A0D2-2B00629FB9A9}
	EndGlobalSection
	GlobalSection(ProjectConfigurationPlatforms) = postSolution
		{127C22D5-C9E4-4888-A91B-70F99A96298F}.Debug|Any CPU.ActiveCfg = Debug|Any CPU
		{127C22D5-C9E4-4888-A91B-70F99A96298F}.Debug|Any CPU.Build.0 = Debug|Any CPU
		{127C22D5-C9E4-4888-A91B-70F99A96298F}.Release|Any CPU.ActiveCfg = Release|Any CPU
		{127C22D5-C9E4-4888-A91B-70F99A96298F}.Release|Any CPU.Build.0 = Release|Any CPU
		{5B069ED0-DC64-405E-A665-31937B2180DD}.Debug|Any CPU.ActiveCfg = Debug|Any CPU
		{5B069ED0-DC64-405E-A665-31937B2180DD}.Debug|Any CPU.Build.0 = Debug|Any CPU
		{5B069ED0-DC64-405E-A665-31937B2180DD}.Release|Any CPU.ActiveCfg = Release|Any CPU
		{5B069ED0-DC64-405E-A665-31937B2180DD}.Release|Any CPU.Build.0 = Release|Any CPU
		{30C0E745-0F3A-468F-818B-FFEFCCC01D97}.Debug|Any CPU.ActiveCfg = Debug|Any CPU
		{30C0E745-0F3A-468F-818B-FFEFCCC01D97}.Debug|Any CPU.Build.0 = Debug|Any CPU
		{30C0E745-0F3A-468F-818B-FFEFCCC01D97}.Release|Any CPU.ActiveCfg = Release|Any CPU
		{30C0E745-0F3A-468F-818B-FFEFCCC01D97}.Release|Any CPU.Build.0 = Release|Any CPU
		{806F00BE-A903-4009-8639-D86BE8BD8CB9}.Debug|Any CPU.ActiveCfg = Debug|Any CPU
		{806F00BE-A903-4009-8639-D86BE8BD8CB9}.Debug|Any CPU.Build.0 = Debug|Any CPU
		{806F00BE-A903-4009-8639-D86BE8BD8CB9}.Release|Any CPU.ActiveCfg = Release|Any CPU
		{806F00BE-A903-4009-8639-D86BE8BD8CB9}.Release|Any CPU.Build.0 = Release|Any CPU
		{217F7FD8-B381-4879-963F-E18E6260D649}.Debug|Any CPU.ActiveCfg = Debug|Any CPU
		{217F7FD8-B381-4879-963F-E18E6260D649}.Debug|Any CPU.Build.0 = Debug|Any CPU
		{217F7FD8-B381-4879-963F-E18E6260D649}.Release|Any CPU.ActiveCfg = Release|Any CPU
		{217F7FD8-B381-4879-963F-E18E6260D649}.Release|Any CPU.Build.0 = Release|Any CPU
	EndGlobalSection
EndGlobal
